
Microsoft Visual Studio Solution File, Format Version 12.00
# Visual Studio Version 17
VisualStudioVersion = 17.4.33213.308
MinimumVisualStudioVersion = 10.0.40219.1
Project("{FAE04EC0-301F-11D3-BF4B-00C04F79EFBC}") = "Group3-Interpreter", "Group3-Interpreter\Group3-Interpreter.csproj", "{1145340E-AA1A-4242-B39B-D0F2106F908E}"
EndProject
Global
	GlobalSection(SolutionConfigurationPlatforms) = preSolution
		Debug|Any CPU = Debug|Any CPU
		Release|Any CPU = Release|Any CPU
	EndGlobalSection
	GlobalSection(ProjectConfigurationPlatforms) = postSolution
		{1145340E-AA1A-4242-B39B-D0F2106F908E}.Debug|Any CPU.ActiveCfg = Debug|Any CPU
		{1145340E-AA1A-4242-B39B-D0F2106F908E}.Debug|Any CPU.Build.0 = Debug|Any CPU
		{1145340E-AA1A-4242-B39B-D0F2106F908E}.Release|Any CPU.ActiveCfg = Release|Any CPU
		{1145340E-AA1A-4242-B39B-D0F2106F908E}.Release|Any CPU.Build.0 = Release|Any CPU
	EndGlobalSection
	GlobalSection(SolutionProperties) = preSolution
		HideSolutionNode = FALSE
	EndGlobalSection
	GlobalSection(ExtensibilityGlobals) = postSolution
		SolutionGuid = {67684C68-BC1B-4CDD-9FA7-F2FD00D728ED}
	EndGlobalSection
EndGlobal
